// !$*UTF8*$!
{
	archiveVersion = 1;
	classes = {
	};
	objectVersion = 46;
	objects = {

/* Begin PBXBuildFile section */
		1DD4E0F81B9889B400B21E34 /* AppDelegate.swift in Sources */ = {isa = PBXBuildFile; fileRef = 1DD4E0F71B9889B400B21E34 /* AppDelegate.swift */; };
		1DD4E0FD1B9889B400B21E34 /* Main.storyboard in Resources */ = {isa = PBXBuildFile; fileRef = 1DD4E0FB1B9889B400B21E34 /* Main.storyboard */; };
		1DD4E0FF1B9889B400B21E34 /* Images.xcassets in Resources */ = {isa = PBXBuildFile; fileRef = 1DD4E0FE1B9889B400B21E34 /* Images.xcassets */; };
		1DD4E1021B9889B400B21E34 /* LaunchScreen.xib in Resources */ = {isa = PBXBuildFile; fileRef = 1DD4E1001B9889B400B21E34 /* LaunchScreen.xib */; };
		1DD4E10E1B9889B400B21E34 /* SendDataToEmbeddedViewTests.swift in Sources */ = {isa = PBXBuildFile; fileRef = 1DD4E10D1B9889B400B21E34 /* SendDataToEmbeddedViewTests.swift */; };
		1DD4E1191B988AC400B21E34 /* FirstExampleViewController.swift in Sources */ = {isa = PBXBuildFile; fileRef = 1DD4E1181B988AC400B21E34 /* FirstExampleViewController.swift */; };
		1DD4E11B1B988AD200B21E34 /* FirstExampleEmbeddedView.swift in Sources */ = {isa = PBXBuildFile; fileRef = 1DD4E11A1B988AD200B21E34 /* FirstExampleEmbeddedView.swift */; };
/* End PBXBuildFile section */

/* Begin PBXContainerItemProxy section */
		1DD4E1081B9889B400B21E34 /* PBXContainerItemProxy */ = {
			isa = PBXContainerItemProxy;
			containerPortal = 1DD4E0EA1B9889B400B21E34 /* Project object */;
			proxyType = 1;
			remoteGlobalIDString = 1DD4E0F11B9889B400B21E34;
			remoteInfo = SendDataToEmbeddedView;
		};
/* End PBXContainerItemProxy section */

/* Begin PBXFileReference section */
		1DD4E0F21B9889B400B21E34 /* SendDataToEmbeddedView.app */ = {isa = PBXFileReference; explicitFileType = wrapper.application; includeInIndex = 0; path = SendDataToEmbeddedView.app; sourceTree = BUILT_PRODUCTS_DIR; };
		1DD4E0F61B9889B400B21E34 /* Info.plist */ = {isa = PBXFileReference; lastKnownFileType = text.plist.xml; path = Info.plist; sourceTree = "<group>"; };
		1DD4E0F71B9889B400B21E34 /* AppDelegate.swift */ = {isa = PBXFileReference; lastKnownFileType = sourcecode.swift; path = AppDelegate.swift; sourceTree = "<group>"; };
		1DD4E0FC1B9889B400B21E34 /* Base */ = {isa = PBXFileReference; lastKnownFileType = file.storyboard; name = Base; path = Base.lproj/Main.storyboard; sourceTree = "<group>"; };
		1DD4E0FE1B9889B400B21E34 /* Images.xcassets */ = {isa = PBXFileReference; lastKnownFileType = folder.assetcatalog; path = Images.xcassets; sourceTree = "<group>"; };
		1DD4E1011B9889B400B21E34 /* Base */ = {isa = PBXFileReference; lastKnownFileType = file.xib; name = Base; path = Base.lproj/LaunchScreen.xib; sourceTree = "<group>"; };
		1DD4E1071B9889B400B21E34 /* SendDataToEmbeddedViewTests.xctest */ = {isa = PBXFileReference; explicitFileType = wrapper.cfbundle; includeInIndex = 0; path = SendDataToEmbeddedViewTests.xctest; sourceTree = BUILT_PRODUCTS_DIR; };
		1DD4E10C1B9889B400B21E34 /* Info.plist */ = {isa = PBXFileReference; lastKnownFileType = text.plist.xml; path = Info.plist; sourceTree = "<group>"; };
		1DD4E10D1B9889B400B21E34 /* SendDataToEmbeddedViewTests.swift */ = {isa = PBXFileReference; lastKnownFileType = sourcecode.swift; path = SendDataToEmbeddedViewTests.swift; sourceTree = "<group>"; };
		1DD4E1181B988AC400B21E34 /* FirstExampleViewController.swift */ = {isa = PBXFileReference; fileEncoding = 4; lastKnownFileType = sourcecode.swift; path = FirstExampleViewController.swift; sourceTree = "<group>"; };
		1DD4E11A1B988AD200B21E34 /* FirstExampleEmbeddedView.swift */ = {isa = PBXFileReference; fileEncoding = 4; lastKnownFileType = sourcecode.swift; path = FirstExampleEmbeddedView.swift; sourceTree = "<group>"; };
/* End PBXFileReference section */

/* Begin PBXFrameworksBuildPhase section */
		1DD4E0EF1B9889B400B21E34 /* Frameworks */ = {
			isa = PBXFrameworksBuildPhase;
			buildActionMask = 2147483647;
			files = (
			);
			runOnlyForDeploymentPostprocessing = 0;
		};
		1DD4E1041B9889B400B21E34 /* Frameworks */ = {
			isa = PBXFrameworksBuildPhase;
			buildActionMask = 2147483647;
			files = (
			);
			runOnlyForDeploymentPostprocessing = 0;
		};
/* End PBXFrameworksBuildPhase section */

/* Begin PBXGroup section */
		1DD4E0E91B9889B400B21E34 = {
			isa = PBXGroup;
			children = (
				1DD4E0F41B9889B400B21E34 /* SendDataToEmbeddedView */,
				1DD4E10A1B9889B400B21E34 /* SendDataToEmbeddedViewTests */,
				1DD4E0F31B9889B400B21E34 /* Products */,
			);
			sourceTree = "<group>";
		};
		1DD4E0F31B9889B400B21E34 /* Products */ = {
			isa = PBXGroup;
			children = (
				1DD4E0F21B9889B400B21E34 /* SendDataToEmbeddedView.app */,
				1DD4E1071B9889B400B21E34 /* SendDataToEmbeddedViewTests.xctest */,
			);
			name = Products;
			sourceTree = "<group>";
		};
		1DD4E0F41B9889B400B21E34 /* SendDataToEmbeddedView */ = {
			isa = PBXGroup;
			children = (
				1DD4E1171B988AAA00B21E34 /* FirstExampleControllers */,
				1DD4E0F71B9889B400B21E34 /* AppDelegate.swift */,
				1DD4E0FB1B9889B400B21E34 /* Main.storyboard */,
				1DD4E0FE1B9889B400B21E34 /* Images.xcassets */,
				1DD4E1001B9889B400B21E34 /* LaunchScreen.xib */,
				1DD4E0F51B9889B400B21E34 /* Supporting Files */,
			);
			path = SendDataToEmbeddedView;
			sourceTree = "<group>";
		};
		1DD4E0F51B9889B400B21E34 /* Supporting Files */ = {
			isa = PBXGroup;
			children = (
				1DD4E0F61B9889B400B21E34 /* Info.plist */,
			);
			name = "Supporting Files";
			sourceTree = "<group>";
		};
		1DD4E10A1B9889B400B21E34 /* SendDataToEmbeddedViewTests */ = {
			isa = PBXGroup;
			children = (
				1DD4E10D1B9889B400B21E34 /* SendDataToEmbeddedViewTests.swift */,
				1DD4E10B1B9889B400B21E34 /* Supporting Files */,
			);
			path = SendDataToEmbeddedViewTests;
			sourceTree = "<group>";
		};
		1DD4E10B1B9889B400B21E34 /* Supporting Files */ = {
			isa = PBXGroup;
			children = (
				1DD4E10C1B9889B400B21E34 /* Info.plist */,
			);
			name = "Supporting Files";
			sourceTree = "<group>";
		};
		1DD4E1171B988AAA00B21E34 /* FirstExampleControllers */ = {
			isa = PBXGroup;
			children = (
				1DD4E1181B988AC400B21E34 /* FirstExampleViewController.swift */,
				1DD4E11A1B988AD200B21E34 /* FirstExampleEmbeddedView.swift */,
			);
			name = FirstExampleControllers;
			sourceTree = "<group>";
		};
/* End PBXGroup section */

/* Begin PBXNativeTarget section */
		1DD4E0F11B9889B400B21E34 /* SendDataToEmbeddedView */ = {
			isa = PBXNativeTarget;
			buildConfigurationList = 1DD4E1111B9889B400B21E34 /* Build configuration list for PBXNativeTarget "SendDataToEmbeddedView" */;
			buildPhases = (
				1DD4E0EE1B9889B400B21E34 /* Sources */,
				1DD4E0EF1B9889B400B21E34 /* Frameworks */,
				1DD4E0F01B9889B400B21E34 /* Resources */,
			);
			buildRules = (
			);
			dependencies = (
			);
			name = SendDataToEmbeddedView;
			productName = SendDataToEmbeddedView;
			productReference = 1DD4E0F21B9889B400B21E34 /* SendDataToEmbeddedView.app */;
			productType = "com.apple.product-type.application";
		};
		1DD4E1061B9889B400B21E34 /* SendDataToEmbeddedViewTests */ = {
			isa = PBXNativeTarget;
			buildConfigurationList = 1DD4E1141B9889B400B21E34 /* Build configuration list for PBXNativeTarget "SendDataToEmbeddedViewTests" */;
			buildPhases = (
				1DD4E1031B9889B400B21E34 /* Sources */,
				1DD4E1041B9889B400B21E34 /* Frameworks */,
				1DD4E1051B9889B400B21E34 /* Resources */,
			);
			buildRules = (
			);
			dependencies = (
				1DD4E1091B9889B400B21E34 /* PBXTargetDependency */,
			);
			name = SendDataToEmbeddedViewTests;
			productName = SendDataToEmbeddedViewTests;
			productReference = 1DD4E1071B9889B400B21E34 /* SendDataToEmbeddedViewTests.xctest */;
			productType = "com.apple.product-type.bundle.unit-test";
		};
/* End PBXNativeTarget section */

/* Begin PBXProject section */
		1DD4E0EA1B9889B400B21E34 /* Project object */ = {
			isa = PBXProject;
			attributes = {
				LastUpgradeCheck = 0640;
				ORGANIZATIONNAME = "Mobin Zadeh Kochak";
				TargetAttributes = {
					1DD4E0F11B9889B400B21E34 = {
						CreatedOnToolsVersion = 6.4;
					};
					1DD4E1061B9889B400B21E34 = {
						CreatedOnToolsVersion = 6.4;
						TestTargetID = 1DD4E0F11B9889B400B21E34;
					};
				};
			};
			buildConfigurationList = 1DD4E0ED1B9889B400B21E34 /* Build configuration list for PBXProject "SendDataToEmbeddedView" */;
			compatibilityVersion = "Xcode 3.2";
			developmentRegion = English;
			hasScannedForEncodings = 0;
			knownRegions = (
				en,
				Base,
			);
			mainGroup = 1DD4E0E91B9889B400B21E34;
			productRefGroup = 1DD4E0F31B9889B400B21E34 /* Products */;
			projectDirPath = "";
			projectRoot = "";
			targets = (
				1DD4E0F11B9889B400B21E34 /* SendDataToEmbeddedView */,
				1DD4E1061B9889B400B21E34 /* SendDataToEmbeddedViewTests */,
			);
		};
/* End PBXProject section */

/* Begin PBXResourcesBuildPhase section */
		1DD4E0F01B9889B400B21E34 /* Resources */ = {
			isa = PBXResourcesBuildPhase;
			buildActionMask = 2147483647;
			files = (
				1DD4E0FD1B9889B400B21E34 /* Main.storyboard in Resources */,
				1DD4E1021B9889B400B21E34 /* LaunchScreen.xib in Resources */,
				1DD4E0FF1B9889B400B21E34 /* Images.xcassets in Resources */,
			);
			runOnlyForDeploymentPostprocessing = 0;
		};
		1DD4E1051B9889B400B21E34 /* Resources */ = {
			isa = PBXResourcesBuildPhase;
			buildActionMask = 2147483647;
			files = (
			);
			runOnlyForDeploymentPostprocessing = 0;
		};
/* End PBXResourcesBuildPhase section */

/* Begin PBXSourcesBuildPhase section */
		1DD4E0EE1B9889B400B21E34 /* Sources */ = {
			isa = PBXSourcesBuildPhase;
			buildActionMask = 2147483647;
			files = (
				1DD4E1191B988AC400B21E34 /* FirstExampleViewController.swift in Sources */,
				1DD4E11B1B988AD200B21E34 /* FirstExampleEmbeddedView.swift in Sources */,
				1DD4E0F81B9889B400B21E34 /* AppDelegate.swift in Sources */,
			);
			runOnlyForDeploymentPostprocessing = 0;
		};
		1DD4E1031B9889B400B21E34 /* Sources */ = {
			isa = PBXSourcesBuildPhase;
			buildActionMask = 2147483647;
			files = (
				1DD4E10E1B9889B400B21E34 /* SendDataToEmbeddedViewTests.swift in Sources */,
			);
			runOnlyForDeploymentPostprocessing = 0;
		};
/* End PBXSourcesBuildPhase section */

/* Begin PBXTargetDependency section */
		1DD4E1091B9889B400B21E34 /* PBXTargetDependency */ = {
			isa = PBXTargetDependency;
			target = 1DD4E0F11B9889B400B21E34 /* SendDataToEmbeddedView */;
			targetProxy = 1DD4E1081B9889B400B21E34 /* PBXContainerItemProxy */;
		};
/* End PBXTargetDependency section */

/* Begin PBXVariantGroup section */
		1DD4E0FB1B9889B400B21E34 /* Main.storyboard */ = {
			isa = PBXVariantGroup;
			children = (
				1DD4E0FC1B9889B400B21E34 /* Base */,
			);
			name = Main.storyboard;
			sourceTree = "<group>";
		};
		1DD4E1001B9889B400B21E34 /* LaunchScreen.xib */ = {
			isa = PBXVariantGroup;
			children = (
				1DD4E1011B9889B400B21E34 /* Base */,
			);
			name = LaunchScreen.xib;
			sourceTree = "<group>";
		};
/* End PBXVariantGroup section */

/* Begin XCBuildConfiguration section */
		1DD4E10F1B9889B400B21E34 /* Debug */ = {
			isa = XCBuildConfiguration;
			buildSettings = {
				ALWAYS_SEARCH_USER_PATHS = NO;
				CLANG_CXX_LANGUAGE_STANDARD = "gnu++0x";
				CLANG_CXX_LIBRARY = "libc++";
				CLANG_ENABLE_MODULES = YES;
				CLANG_ENABLE_OBJC_ARC = YES;
				CLANG_WARN_BOOL_CONVERSION = YES;
				CLANG_WARN_CONSTANT_CONVERSION = YES;
				CLANG_WARN_DIRECT_OBJC_ISA_USAGE = YES_ERROR;
				CLANG_WARN_EMPTY_BODY = YES;
				CLANG_WARN_ENUM_CONVERSION = YES;
				CLANG_WARN_INT_CONVERSION = YES;
				CLANG_WARN_OBJC_ROOT_CLASS = YES_ERROR;
				CLANG_WARN_UNREACHABLE_CODE = YES;
				CLANG_WARN__DUPLICATE_METHOD_MATCH = YES;
				"CODE_SIGN_IDENTITY[sdk=iphoneos*]" = "iPhone Developer";
				COPY_PHASE_STRIP = NO;
				DEBUG_INFORMATION_FORMAT = "dwarf-with-dsym";
				ENABLE_STRICT_OBJC_MSGSEND = YES;
				GCC_C_LANGUAGE_STANDARD = gnu99;
				GCC_DYNAMIC_NO_PIC = NO;
				GCC_NO_COMMON_BLOCKS = YES;
				GCC_OPTIMIZATION_LEVEL = 0;
				GCC_PREPROCESSOR_DEFINITIONS = (
					"DEBUG=1",
					"$(inherited)",
				);
				GCC_SYMBOLS_PRIVATE_EXTERN = NO;
				GCC_WARN_64_TO_32_BIT_CONVERSION = YES;
				GCC_WARN_ABOUT_RETURN_TYPE = YES_ERROR;
				GCC_WARN_UNDECLARED_SELECTOR = YES;
				GCC_WARN_UNINITIALIZED_AUTOS = YES_AGGRESSIVE;
				GCC_WARN_UNUSED_FUNCTION = YES;
				GCC_WARN_UNUSED_VARIABLE = YES;
				IPHONEOS_DEPLOYMENT_TARGET = 8.4;
				MTL_ENABLE_DEBUG_INFO = YES;
				ONLY_ACTIVE_ARCH = YES;
				SDKROOT = iphoneos;
				SWIFT_OPTIMIZATION_LEVEL = "-Onone";
				TARGETED_DEVICE_FAMILY = "1,2";
			};
			name = Debug;
		};
		1DD4E1101B9889B400B21E34 /* Release */ = {
			isa = XCBuildConfiguration;
			buildSettings = {
				ALWAYS_SEARCH_USER_PATHS = NO;
				CLANG_CXX_LANGUAGE_STANDARD = "gnu++0x";
				CLANG_CXX_LIBRARY = "libc++";
				CLANG_ENABLE_MODULES = YES;
				CLANG_ENABLE_OBJC_ARC = YES;
				CLANG_WARN_BOOL_CONVERSION = YES;
				CLANG_WARN_CONSTANT_CONVERSION = YES;
				CLANG_WARN_DIRECT_OBJC_ISA_USAGE = YES_ERROR;
				CLANG_WARN_EMPTY_BODY = YES;
				CLANG_WARN_ENUM_CONVERSION = YES;
				CLANG_WARN_INT_CONVERSION = YES;
				CLANG_WARN_OBJC_ROOT_CLASS = YES_ERROR;
				CLANG_WARN_UNREACHABLE_CODE = YES;
				CLANG_WARN__DUPLICATE_METHOD_MATCH = YES;
				"CODE_SIGN_IDENTITY[sdk=iphoneos*]" = "iPhone Developer";
				COPY_PHASE_STRIP = NO;
				DEBUG_INFORMATION_FORMAT = "dwarf-with-dsym";
				ENABLE_NS_ASSERTIONS = NO;
				ENABLE_STRICT_OBJC_MSGSEND = YES;
				GCC_C_LANGUAGE_STANDARD = gnu99;
				GCC_NO_COMMON_BLOCKS = YES;
				GCC_WARN_64_TO_32_BIT_CONVERSION = YES;
				GCC_WARN_ABOUT_RETURN_TYPE = YES_ERROR;
				GCC_WARN_UNDECLARED_SELECTOR = YES;
				GCC_WARN_UNINITIALIZED_AUTOS = YES_AGGRESSIVE;
				GCC_WARN_UNUSED_FUNCTION = YES;
				GCC_WARN_UNUSED_VARIABLE = YES;
				IPHONEOS_DEPLOYMENT_TARGET = 8.4;
				MTL_ENABLE_DEBUG_INFO = NO;
				SDKROOT = iphoneos;
				TARGETED_DEVICE_FAMILY = "1,2";
				VALIDATE_PRODUCT = YES;
			};
			name = Release;
		};
		1DD4E1121B9889B400B21E34 /* Debug */ = {
			isa = XCBuildConfiguration;
			buildSettings = {
				ASSETCATALOG_COMPILER_APPICON_NAME = AppIcon;
				INFOPLIST_FILE = SendDataToEmbeddedView/Info.plist;
				LD_RUNPATH_SEARCH_PATHS = "$(inherited) @executable_path/Frameworks";
				PRODUCT_NAME = "$(TARGET_NAME)";
			};
			name = Debug;
		};
		1DD4E1131B9889B400B21E34 /* Release */ = {
			isa = XCBuildConfiguration;
			buildSettings = {
				ASSETCATALOG_COMPILER_APPICON_NAME = AppIcon;
				INFOPLIST_FILE = SendDataToEmbeddedView/Info.plist;
				LD_RUNPATH_SEARCH_PATHS = "$(inherited) @executable_path/Frameworks";
				PRODUCT_NAME = "$(TARGET_NAME)";
			};
			name = Release;
		};
		1DD4E1151B9889B400B21E34 /* Debug */ = {
			isa = XCBuildConfiguration;
			buildSettings = {
				BUNDLE_LOADER = "$(TEST_HOST)";
				FRAMEWORK_SEARCH_PATHS = (
					"$(SDKROOT)/Developer/Library/Frameworks",
					"$(inherited)",
				);
				GCC_PREPROCESSOR_DEFINITIONS = (
					"DEBUG=1",
					"$(inherited)",
				);
				INFOPLIST_FILE = SendDataToEmbeddedViewTests/Info.plist;
				LD_RUNPATH_SEARCH_PATHS = "$(inherited) @executable_path/Frameworks @loader_path/Frameworks";
				PRODUCT_NAME = "$(TARGET_NAME)";
				TEST_HOST = "$(BUILT_PRODUCTS_DIR)/SendDataToEmbeddedView.app/SendDataToEmbeddedView";
			};
			name = Debug;
		};
		1DD4E1161B9889B400B21E34 /* Release */ = {
			isa = XCBuildConfiguration;
			buildSettings = {
				BUNDLE_LOADER = "$(TEST_HOST)";
				FRAMEWORK_SEARCH_PATHS = (
					"$(SDKROOT)/Developer/Library/Frameworks",
					"$(inherited)",
				);
				INFOPLIST_FILE = SendDataToEmbeddedViewTests/Info.plist;
				LD_RUNPATH_SEARCH_PATHS = "$(inherited) @executable_path/Frameworks @loader_path/Frameworks";
				PRODUCT_NAME = "$(TARGET_NAME)";
				TEST_HOST = "$(BUILT_PRODUCTS_DIR)/SendDataToEmbeddedView.app/SendDataToEmbeddedView";
			};
			name = Release;
		};
/* End XCBuildConfiguration section */

/* Begin XCConfigurationList section */
		1DD4E0ED1B9889B400B21E34 /* Build configuration list for PBXProject "SendDataToEmbeddedView" */ = {
			isa = XCConfigurationList;
			buildConfigurations = (
				1DD4E10F1B9889B400B21E34 /* Debug */,
				1DD4E1101B9889B400B21E34 /* Release */,
			);
			defaultConfigurationIsVisible = 0;
			defaultConfigurationName = Release;
		};
		1DD4E1111B9889B400B21E34 /* Build configuration list for PBXNativeTarget "SendDataToEmbeddedView" */ = {
			isa = XCConfigurationList;
			buildConfigurations = (
				1DD4E1121B9889B400B21E34 /* Debug */,
				1DD4E1131B9889B400B21E34 /* Release */,
			);
			defaultConfigurationIsVisible = 0;
			defaultConfigurationName = Release;
		};
		1DD4E1141B9889B400B21E34 /* Build configuration list for PBXNativeTarget "SendDataToEmbeddedViewTests" */ = {
			isa = XCConfigurationList;
			buildConfigurations = (
				1DD4E1151B9889B400B21E34 /* Debug */,
				1DD4E1161B9889B400B21E34 /* Release */,
			);
			defaultConfigurationIsVisible = 0;
			defaultConfigurationName = Release;
		};
/* End XCConfigurationList section */
	};
	rootObject = 1DD4E0EA1B9889B400B21E34 /* Project object */;
}
